
Microsoft Visual Studio Solution File, Format Version 12.00
# Visual Studio Version 16
VisualStudioVersion = 16.0.32602.291
MinimumVisualStudioVersion = 10.0.40219.1
Project("{FAE04EC0-301F-11D3-BF4B-00C04F79EFBC}") = "mayın_tarlası", "mayın_tarlası\mayın_tarlası.csproj", "{F123FE42-94A6-48D3-8C1D-B6392610F56A}"
EndProject
Global
	GlobalSection(SolutionConfigurationPlatforms) = preSolution
		Debug|Any CPU = Debug|Any CPU
		Release|Any CPU = Release|Any CPU
	EndGlobalSection
	GlobalSection(ProjectConfigurationPlatforms) = postSolution
		{F123FE42-94A6-48D3-8C1D-B6392610F56A}.Debug|Any CPU.ActiveCfg = Debug|Any CPU
		{F123FE42-94A6-48D3-8C1D-B6392610F56A}.Debug|Any CPU.Build.0 = Debug|Any CPU
		{F123FE42-94A6-48D3-8C1D-B6392610F56A}.Release|Any CPU.ActiveCfg = Release|Any CPU
		{F123FE42-94A6-48D3-8C1D-B6392610F56A}.Release|Any CPU.Build.0 = Release|Any CPU
	EndGlobalSection
	GlobalSection(SolutionProperties) = preSolution
		HideSolutionNode = FALSE
	EndGlobalSection
	GlobalSection(ExtensibilityGlobals) = postSolution
		SolutionGuid = {CD988A01-06EA-49D4-BD7C-624F3FA84A19}
	EndGlobalSection
EndGlobal
